# This file is automatically @generated by Cargo.
# It is not intended for manual editing.
version = 4

[[package]]
name = "accounts"
version = "0.1.0"

[[package]]
name = "admin"
version = "0.1.0"

[[package]]
name = "aml"
version = "0.1.0"

[[package]]
name = "audit"
version = "0.1.0"

[[package]]
name = "cards"
version = "0.1.0"

[[package]]
name = "deposits"
version = "0.1.0"

[[package]]
name = "fraud"
version = "0.1.0"

[[package]]
name = "gateway"
version = "0.1.0"

[[package]]
name = "identity"
version = "0.1.0"

[[package]]
name = "interest_fees"
version = "0.1.0"

[[package]]
name = "ledger"
version = "0.1.0"

[[package]]
name = "limits_controls"
version = "0.1.0"

[[package]]
name = "loans"
version = "0.1.0"

[[package]]
name = "notifications"
version = "0.1.0"

[[package]]
name = "onboarding"
version = "0.1.0"

[[package]]
name = "parties"
version = "0.1.0"

[[package]]
name = "payments"
version = "0.1.0"

[[package]]
name = "reporting"
version = "0.1.0"

[[package]]
name = "statements"
version = "0.1.0"

[[package]]
name = "transactions"
version = "0.1.0"

[[package]]
name = "treasury"
version = "0.1.0"

[[package]]
name = "webapp"
version = "0.1.0"
